
Microsoft Visual Studio Solution File, Format Version 12.00
# Visual Studio Version 17
VisualStudioVersion = 17.10.35027.167
MinimumVisualStudioVersion = 10.0.40219.1
Project("{FAE04EC0-301F-11D3-BF4B-00C04F79EFBC}") = "SaveAllPrefabs", "SaveAllPrefabs\SaveAllPrefabs.csproj", "{57E5F997-C9C3-46A1-881D-39743600A7A1}"
EndProject
Global
	GlobalSection(SolutionConfigurationPlatforms) = preSolution
		Debug|Any CPU = Debug|Any CPU
		Release|Any CPU = Release|Any CPU
	EndGlobalSection
	GlobalSection(ProjectConfigurationPlatforms) = postSolution
		{57E5F997-C9C3-46A1-881D-39743600A7A1}.Debug|Any CPU.ActiveCfg = Debug|Any CPU
		{57E5F997-C9C3-46A1-881D-39743600A7A1}.Debug|Any CPU.Build.0 = Debug|Any CPU
		{57E5F997-C9C3-46A1-881D-39743600A7A1}.Release|Any CPU.ActiveCfg = Release|Any CPU
		{57E5F997-C9C3-46A1-881D-39743600A7A1}.Release|Any CPU.Build.0 = Release|Any CPU
	EndGlobalSection
	GlobalSection(SolutionProperties) = preSolution
		HideSolutionNode = FALSE
	EndGlobalSection
	GlobalSection(ExtensibilityGlobals) = postSolution
		SolutionGuid = {5F0597BA-18A6-47A5-9731-1A087D17C118}
	EndGlobalSection
EndGlobal
